[[package]]
name = "asn1crypto"
version = "1.5.1"
description = "Fast ASN.1 parser and serializer with definitions for private keys, public keys, certificates, CRL, OCSP, CMS, PKCS#3, PKCS#7, PKCS#8, PKCS#12, PKCS#5, X.509 and TSP"
category = "main"
optional = false
python-versions = "*"

[[package]]
name = "atomicwrites"
version = "1.4.1"
description = "Atomic file writes."
category = "dev"
optional = false
python-versions = ">=2.7, !=3.0.*, !=3.1.*, !=3.2.*, !=3.3.*"

[[package]]
name = "attrs"
version = "24.3.0"
description = "Classes Without Boilerplate"
category = "dev"
optional = false
python-versions = ">=3.8"

[package.extras]
benchmark = ["cloudpickle", "hypothesis", "mypy (>=1.11.1)", "pympler", "pytest-codspeed", "pytest-mypy-plugins", "pytest-xdist", "pytest (>=4.3.0)"]
cov = ["cloudpickle", "coverage[toml] (>=5.3)", "hypothesis", "mypy (>=1.11.1)", "pympler", "pytest-mypy-plugins", "pytest-xdist", "pytest (>=4.3.0)"]
dev = ["cloudpickle", "hypothesis", "mypy (>=1.11.1)", "pre-commit-uv", "pympler", "pytest-mypy-plugins", "pytest-xdist", "pytest (>=4.3.0)"]
docs = ["cogapp", "furo", "myst-parser", "sphinx", "sphinx-notfound-page", "sphinxcontrib-towncrier", "towncrier (<24.7)"]
tests = ["cloudpickle", "hypothesis", "mypy (>=1.11.1)", "pympler", "pytest-mypy-plugins", "pytest-xdist", "pytest (>=4.3.0)"]
tests-mypy = ["mypy (>=1.11.1)", "pytest-mypy-plugins"]

[[package]]
name = "autoflake"
version = "1.7.8"
description = "Removes unused imports and unused variables"
category = "dev"
optional = false
python-versions = ">=3.7"

[package.dependencies]
pyflakes = ">=1.1.0,<3"
tomli = {version = ">=2.0.1", markers = "python_version < \"3.11\""}

[[package]]
name = "backports.zoneinfo"
version = "0.2.1"
description = "Backport of the standard library zoneinfo module"
category = "main"
optional = false
python-versions = ">=3.6"

[package.extras]
tzdata = ["tzdata"]

[[package]]
name = "cachetools"
version = "5.5.0"
description = "Extensible memoizing collections and decorators"
category = "main"
optional = false
python-versions = ">=3.7"

[[package]]
name = "certifi"
version = "2024.12.14"
description = "Python package for providing Mozilla's CA Bundle."
category = "main"
optional = false
python-versions = ">=3.6"

[[package]]
name = "charset-normalizer"
version = "3.4.1"
description = "The Real First Universal Charset Detector. Open, modern and actively maintained alternative to Chardet."
category = "main"
optional = false
python-versions = ">=3.7"

[[package]]
name = "colorama"
version = "0.4.6"
description = "Cross-platform colored terminal text."
category = "dev"
optional = false
python-versions = "!=3.0.*,!=3.1.*,!=3.2.*,!=3.3.*,!=3.4.*,!=3.5.*,!=3.6.*,>=2.7"

[[package]]
name = "dateparser"
version = "1.2.0"
description = "Date parsing library designed to parse dates from HTML pages"
category = "main"
optional = false
python-versions = ">=3.7"

[package.dependencies]
python-dateutil = "*"
pytz = "*"
regex = "<2019.02.19 || >2019.02.19,<2021.8.27 || >2021.8.27"
tzlocal = "*"

[package.extras]
calendars = ["hijri-converter", "convertdate"]
fasttext = ["fasttext"]
langdetect = ["langdetect"]

[[package]]
name = "decorator"
version = "5.1.1"
description = "Decorators for Humans"
category = "main"
optional = false
python-versions = ">=3.5"

[[package]]
name = "distlib"
version = "0.3.9"
description = "Distribution utilities"
category = "dev"
optional = false
python-versions = "*"

[[package]]
name = "expandvars"
version = "0.6.5"
description = "Expand system variables Unix style"
category = "main"
optional = false
python-versions = "*"

[[package]]
name = "filelock"
version = "3.16.1"
description = "A platform independent file lock."
category = "dev"
optional = false
python-versions = ">=3.8"

[package.extras]
docs = ["furo (>=2024.8.6)", "sphinx-autodoc-typehints (>=2.4.1)", "sphinx (>=8.0.2)"]
testing = ["covdefaults (>=2.3)", "coverage (>=7.6.1)", "diff-cover (>=9.2)", "pytest-asyncio (>=0.24)", "pytest-cov (>=5)", "pytest-mock (>=3.14)", "pytest-timeout (>=2.3.1)", "pytest (>=8.3.3)", "virtualenv (>=20.26.4)"]
typing = ["typing-extensions (>=4.12.2)"]

[[package]]
name = "flake8"
version = "4.0.1"
description = "the modular source code checker: pep8 pyflakes and co"
category = "dev"
optional = false
python-versions = ">=3.6"

[package.dependencies]
mccabe = ">=0.6.0,<0.7.0"
pycodestyle = ">=2.8.0,<2.9.0"
pyflakes = ">=2.4.0,<2.5.0"

[[package]]
name = "google-api-core"
version = "2.24.0"
description = "Google API client core library"
category = "main"
optional = false
python-versions = ">=3.7"

[package.dependencies]
google-auth = ">=2.14.1,<3.0.dev0"
googleapis-common-protos = ">=1.56.2,<2.0.dev0"
grpcio = [
    {version = ">=1.33.2,<2.0dev", optional = true, markers = "extra == \"grpc\""},
    {version = ">=1.49.1,<2.0dev", optional = true, markers = "python_version >= \"3.11\" or python_version >= \"3.11\" and extra == \"grpc\""},
]
grpcio-status = [
    {version = ">=1.33.2,<2.0.dev0", optional = true, markers = "extra == \"grpc\""},
    {version = ">=1.49.1,<2.0.dev0", optional = true, markers = "python_version >= \"3.11\" or python_version >= \"3.11\" and extra == \"grpc\""},
]
proto-plus = ">=1.22.3,<2.0.0dev"
protobuf = ">=3.19.5,<3.20.0 || >3.20.0,<3.20.1 || >3.20.1,<4.21.0 || >4.21.0,<4.21.1 || >4.21.1,<4.21.2 || >4.21.2,<4.21.3 || >4.21.3,<4.21.4 || >4.21.4,<4.21.5 || >4.21.5,<6.0.0.dev0"
requests = ">=2.18.0,<3.0.0.dev0"

[package.extras]
async-rest = ["google-auth[aiohttp] (>=2.35.0,<3.0.dev0)"]
grpc = ["grpcio (>=1.33.2,<2.0dev)", "grpcio-status (>=1.33.2,<2.0.dev0)", "grpcio (>=1.49.1,<2.0dev)", "grpcio-status (>=1.49.1,<2.0.dev0)"]
grpcgcp = ["grpcio-gcp (>=0.2.2,<1.0.dev0)"]
grpcio-gcp = ["grpcio-gcp (>=0.2.2,<1.0.dev0)"]

[[package]]
name = "google-auth"
version = "2.37.0"
description = "Google Authentication Library"
category = "main"
optional = false
python-versions = ">=3.7"

[package.dependencies]
cachetools = ">=2.0.0,<6.0"
pyasn1-modules = ">=0.2.1"
rsa = ">=3.1.4,<5"

[package.extras]
aiohttp = ["aiohttp (>=3.6.2,<4.0.0.dev0)", "requests (>=2.20.0,<3.0.0.dev0)"]
enterprise-cert = ["cryptography", "pyopenssl"]
pyjwt = ["pyjwt (>=2.0)", "cryptography (>=38.0.3)"]
pyopenssl = ["pyopenssl (>=20.0.0)", "cryptography (>=38.0.3)"]
reauth = ["pyu2f (>=0.1.5)"]
requests = ["requests (>=2.20.0,<3.0.0.dev0)"]

[[package]]
name = "google-cloud-bigquery"
version = "3.27.0"
description = "Google BigQuery API client library"
category = "main"
optional = false
python-versions = ">=3.7"

[package.dependencies]
google-api-core = {version = ">=2.11.1,<3.0.0dev", extras = ["grpc"]}
google-auth = ">=2.14.1,<3.0.0dev"
google-cloud-core = ">=2.4.1,<3.0.0dev"
google-resumable-media = ">=2.0.0,<3.0dev"
packaging = ">=20.0.0"
python-dateutil = ">=2.7.3,<3.0dev"
requests = ">=2.21.0,<3.0.0dev"

[package.extras]
all = ["google-cloud-bigquery-storage (>=2.6.0,<3.0.0dev)", "grpcio (>=1.47.0,<2.0dev)", "pyarrow (>=3.0.0)", "pandas (>=1.1.0)", "db-dtypes (>=0.3.0,<2.0.0dev)", "ipywidgets (>=7.7.0)", "ipykernel (>=6.0.0)", "geopandas (>=0.9.0,<1.0dev)", "Shapely (>=1.8.4,<3.0.0dev)", "bigquery-magics (>=0.1.0)", "tqdm (>=4.7.4,<5.0.0dev)", "opentelemetry-api (>=1.1.0)", "opentelemetry-sdk (>=1.1.0)", "opentelemetry-instrumentation (>=0.20b0)", "proto-plus (>=1.22.3,<2.0.0dev)", "protobuf (>=3.20.2,!=4.21.0,!=4.21.1,!=4.21.2,!=4.21.3,!=4.21.4,!=4.21.5,<6.0.0dev)", "importlib-metadata (>=1.0.0)", "grpcio (>=1.49.1,<2.0dev)"]
bigquery-v2 = ["proto-plus (>=1.22.3,<2.0.0dev)", "protobuf (>=3.20.2,!=4.21.0,!=4.21.1,!=4.21.2,!=4.21.3,!=4.21.4,!=4.21.5,<6.0.0dev)"]
bqstorage = ["google-cloud-bigquery-storage (>=2.6.0,<3.0.0dev)", "grpcio (>=1.47.0,<2.0dev)", "pyarrow (>=3.0.0)", "grpcio (>=1.49.1,<2.0dev)"]
geopandas = ["geopandas (>=0.9.0,<1.0dev)", "Shapely (>=1.8.4,<3.0.0dev)"]
ipython = ["bigquery-magics (>=0.1.0)"]
ipywidgets = ["ipywidgets (>=7.7.0)", "ipykernel (>=6.0.0)"]
opentelemetry = ["opentelemetry-api (>=1.1.0)", "opentelemetry-sdk (>=1.1.0)", "opentelemetry-instrumentation (>=0.20b0)"]
pandas = ["pandas (>=1.1.0)", "pyarrow (>=3.0.0)", "db-dtypes (>=0.3.0,<2.0.0dev)", "importlib-metadata (>=1.0.0)"]
tqdm = ["tqdm (>=4.7.4,<5.0.0dev)"]

[[package]]
name = "google-cloud-core"
version = "2.4.1"
description = "Google Cloud API client core library"
category = "main"
optional = false
python-versions = ">=3.7"

[package.dependencies]
google-api-core = ">=1.31.6,<2.0.0 || >2.3.0,<3.0.0dev"
google-auth = ">=1.25.0,<3.0dev"

[package.extras]
grpc = ["grpcio (>=1.38.0,<2.0dev)", "grpcio-status (>=1.38.0,<2.0.dev0)"]

[[package]]
name = "google-crc32c"
version = "1.5.0"
description = "A python wrapper of the C library 'Google CRC32C'"
category = "main"
optional = false
python-versions = ">=3.7"

[package.extras]
testing = ["pytest"]

[[package]]
name = "google-resumable-media"
version = "2.7.2"
description = "Utilities for Google Media Downloads and Resumable Uploads"
category = "main"
optional = false
python-versions = ">=3.7"

[package.dependencies]
google-crc32c = ">=1.0,<2.0dev"

[package.extras]
aiohttp = ["aiohttp (>=3.6.2,<4.0.0dev)", "google-auth (>=1.22.0,<2.0dev)"]
requests = ["requests (>=2.18.0,<3.0.0dev)"]

[[package]]
name = "googleapis-common-protos"
version = "1.66.0"
description = "Common protobufs used in Google APIs"
category = "main"
optional = false
python-versions = ">=3.7"

[package.dependencies]
protobuf = ">=3.20.2,<4.21.1 || >4.21.1,<4.21.2 || >4.21.2,<4.21.3 || >4.21.3,<4.21.4 || >4.21.4,<4.21.5 || >4.21.5,<6.0.0.dev0"

[package.extras]
grpc = ["grpcio (>=1.44.0,<2.0.0.dev0)"]

[[package]]
name = "grpcio"
version = "1.69.0"
description = "HTTP/2-based RPC framework"
category = "main"
optional = false
python-versions = ">=3.8"

[package.extras]
protobuf = ["grpcio-tools (>=1.69.0)"]

[[package]]
name = "grpcio-status"
version = "1.69.0"
description = "Status proto mapping for gRPC"
category = "main"
optional = false
python-versions = ">=3.8"

[package.dependencies]
googleapis-common-protos = ">=1.5.5"
grpcio = ">=1.69.0"
protobuf = ">=5.26.1,<6.0dev"

[[package]]
name = "idna"
version = "3.10"
description = "Internationalized Domain Names in Applications (IDNA)"
category = "main"
optional = false
python-versions = ">=3.6"

[package.extras]
all = ["ruff (>=0.6.2)", "mypy (>=1.11.2)", "pytest (>=8.3.2)", "flake8 (>=7.1.1)"]

[[package]]
name = "importlib-metadata"
version = "8.5.0"
description = "Read metadata from Python packages"
category = "main"
optional = false
python-versions = ">=3.8"

[package.dependencies]
zipp = ">=3.20"

[package.extras]
check = ["pytest-checkdocs (>=2.4)", "pytest-ruff (>=0.2.1)"]
cover = ["pytest-cov"]
doc = ["sphinx (>=3.5)", "jaraco.packaging (>=9.3)", "rst.linker (>=1.9)", "furo", "sphinx-lint", "jaraco.tidelift (>=1.4)"]
enabler = ["pytest-enabler (>=2.2)"]
perf = ["ipython"]
test = ["pytest (>=6,<8.1.0 || >=8.2.0)", "packaging", "pyfakefs", "flufl.flake8", "pytest-perf (>=0.9.2)", "jaraco.test (>=5.4)", "importlib-resources (>=1.3)"]
type = ["pytest-mypy"]

[[package]]
name = "iniconfig"
version = "2.0.0"
description = "brain-dead simple config-ini parsing"
category = "dev"
optional = false
python-versions = ">=3.7"

[[package]]
name = "isort"
version = "5.13.2"
description = "A Python utility / library to sort Python imports."
category = "dev"
optional = false
python-versions = ">=3.8.0"

[package.extras]
colors = ["colorama (>=0.4.6)"]

[[package]]
name = "mccabe"
version = "0.6.1"
description = "McCabe checker, plugin for flake8"
category = "dev"
optional = false
python-versions = "*"

[[package]]
name = "more-itertools"
version = "8.14.0"
description = "More routines for operating on iterables, beyond itertools"
category = "main"
optional = false
python-versions = ">=3.5"

[[package]]
name = "numpy"
version = "1.24.0"
description = "Fundamental package for array computing in Python"
category = "main"
optional = false
python-versions = ">=3.8"

[[package]]
name = "packaging"
version = "24.2"
description = "Core utilities for Python packages"
category = "main"
optional = false
python-versions = ">=3.8"

[[package]]
name = "pg8000"
version = "1.31.2"
description = "PostgreSQL interface library"
category = "main"
optional = false
python-versions = ">=3.8"

[package.dependencies]
python-dateutil = ">=2.8.2"
scramp = ">=1.4.5"

[[package]]
name = "platformdirs"
version = "4.3.6"
description = "A small Python package for determining appropriate platform-specific dirs, e.g. a `user data dir`."
category = "dev"
optional = false
python-versions = ">=3.8"

[package.extras]
docs = ["furo (>=2024.8.6)", "proselint (>=0.14)", "sphinx-autodoc-typehints (>=2.4)", "sphinx (>=8.0.2)"]
test = ["appdirs (==1.4.4)", "covdefaults (>=2.3)", "pytest-cov (>=5)", "pytest-mock (>=3.14)", "pytest (>=8.3.2)"]
type = ["mypy (>=1.11.2)"]

[[package]]
name = "pluggy"
version = "1.5.0"
description = "plugin and hook calling mechanisms for python"
category = "dev"
optional = false
python-versions = ">=3.8"

[package.extras]
dev = ["pre-commit", "tox"]
testing = ["pytest", "pytest-benchmark"]

[[package]]
name = "proto-plus"
version = "1.25.0"
description = "Beautiful, Pythonic protocol buffers."
category = "main"
optional = false
python-versions = ">=3.7"

[package.dependencies]
protobuf = ">=3.19.0,<6.0.0dev"

[package.extras]
testing = ["google-api-core (>=1.31.5)"]

[[package]]
name = "protobuf"
version = "5.29.3"
description = ""
category = "main"
optional = false
python-versions = ">=3.8"

[[package]]
name = "py"
version = "1.11.0"
description = "library with cross-python path, ini-parsing, io, code, log facilities"
category = "dev"
optional = false
python-versions = ">=2.7, !=3.0.*, !=3.1.*, !=3.2.*, !=3.3.*, !=3.4.*"

[[package]]
name = "py-cpuinfo"
version = "9.0.0"
description = "Get CPU info with pure Python"
category = "dev"
optional = false
python-versions = "*"

[[package]]
name = "pyasn1"
version = "0.6.1"
description = "Pure-Python implementation of ASN.1 types and DER/BER/CER codecs (X.208)"
category = "main"
optional = false
python-versions = ">=3.8"

[[package]]
name = "pyasn1-modules"
version = "0.4.1"
description = "A collection of ASN.1-based protocols modules"
category = "main"
optional = false
python-versions = ">=3.8"

[package.dependencies]
pyasn1 = ">=0.4.6,<0.7.0"

[[package]]
name = "pycodestyle"
version = "2.8.0"
description = "Python style guide checker"
category = "dev"
optional = false
python-versions = ">=2.7, !=3.0.*, !=3.1.*, !=3.2.*, !=3.3.*, !=3.4.*"

[[package]]
name = "pyflakes"
version = "2.4.0"
description = "passive checker of Python programs"
category = "dev"
optional = false
python-versions = ">=2.7, !=3.0.*, !=3.1.*, !=3.2.*, !=3.3.*"

[[package]]
name = "pystache"
version = "0.6.7"
description = "Mustache for Python"
category = "main"
optional = false
python-versions = ">=3.8"

[package.dependencies]
importlib-metadata = {version = ">=4.6", markers = "python_version < \"3.10\""}

[package.extras]
cov = ["coverage", "coverage-python-version"]
doc = ["sphinx", "sphinx-git", "recommonmark", "sphinx-rtd-theme", "sphinxcontrib-apidoc"]
test = ["pytest", "pytest-cov"]

[[package]]
name = "pytest"
version = "6.2.5"
description = "pytest: simple powerful testing with Python"
category = "dev"
optional = false
python-versions = ">=3.6"

[package.dependencies]
atomicwrites = {version = ">=1.0", markers = "sys_platform == \"win32\""}
attrs = ">=19.2.0"
colorama = {version = "*", markers = "sys_platform == \"win32\""}
iniconfig = "*"
packaging = "*"
pluggy = ">=0.12,<2.0"
py = ">=1.8.2"
toml = "*"

[package.extras]
testing = ["argcomplete", "hypothesis (>=3.56)", "mock", "nose", "requests", "xmlschema"]

[[package]]
name = "pytest-benchmark"
version = "4.0.0"
description = "A ``pytest`` fixture for benchmarking code. It will group the tests into rounds that are calibrated to the chosen timer."
category = "dev"
optional = false
python-versions = ">=3.7"

[package.dependencies]
py-cpuinfo = "*"
pytest = ">=3.8"

[package.extras]
aspect = ["aspectlib"]
elasticsearch = ["elasticsearch"]
histogram = ["pygal", "pygaljs"]

[[package]]
name = "python-dateutil"
version = "2.9.0.post0"
description = "Extensions to the standard Python datetime module"
category = "main"
optional = false
python-versions = "!=3.0.*,!=3.1.*,!=3.2.*,>=2.7"

[package.dependencies]
six = ">=1.5"

[[package]]
name = "pytz"
version = "2021.1"
description = "World timezone definitions, modern and historical"
category = "main"
optional = false
python-versions = "*"

[[package]]
name = "regex"
version = "2024.11.6"
description = "Alternative regular expression module, to replace re."
category = "main"
optional = false
python-versions = ">=3.8"

[[package]]
name = "requests"
version = "2.32.3"
description = "Python HTTP for Humans."
category = "main"
optional = false
python-versions = ">=3.8"

[package.dependencies]
certifi = ">=2017.4.17"
charset-normalizer = ">=2,<4"
idna = ">=2.5,<4"
urllib3 = ">=1.21.1,<3"

[package.extras]
socks = ["PySocks (>=1.5.6,!=1.5.7)"]
use-chardet-on-py3 = ["chardet (>=3.0.2,<6)"]

[[package]]
name = "rsa"
version = "4.9"
description = "Pure-Python RSA implementation"
category = "main"
optional = false
python-versions = ">=3.6,<4"

[package.dependencies]
pyasn1 = ">=0.1.3"

[[package]]
name = "ruamel.yaml"
version = "0.17.21"
description = "ruamel.yaml is a YAML parser/emitter that supports roundtrip preservation of comments, seq/map flow style, and map key order"
category = "main"
optional = false
python-versions = ">=3"

[package.dependencies]
"ruamel.yaml.clib" = {version = ">=0.2.6", markers = "platform_python_implementation == \"CPython\" and python_version < \"3.11\""}

[package.extras]
docs = ["ryd"]
jinja2 = ["ruamel.yaml.jinja2 (>=0.2)"]

[[package]]
name = "ruamel.yaml.clib"
version = "0.2.8"
description = "C version of reader, parser and emitter for ruamel.yaml derived from libyaml"
category = "main"
optional = false
python-versions = ">=3.6"

[[package]]
name = "ruff"
version = "0.6.9"
description = "An extremely fast Python linter and code formatter, written in Rust."
category = "dev"
optional = false
python-versions = ">=3.7"

[[package]]
name = "scipy"
version = "1.9.3"
description = "Fundamental algorithms for scientific computing in Python"
category = "main"
optional = false
python-versions = ">=3.8"

[package.dependencies]
numpy = ">=1.18.5,<1.26.0"

[package.extras]
test = ["pytest", "pytest-cov", "pytest-xdist", "asv", "mpmath", "gmpy2", "threadpoolctl", "scikit-umfpack"]
doc = ["sphinx (!=4.1.0)", "pydata-sphinx-theme (==0.9.0)", "sphinx-panels (>=0.5.2)", "matplotlib (>2)", "numpydoc", "sphinx-tabs"]
dev = ["mypy", "typing-extensions", "pycodestyle", "flake8"]

[[package]]
name = "scramp"
version = "1.4.5"
description = "An implementation of the SCRAM protocol."
category = "main"
optional = false
python-versions = ">=3.8"

[package.dependencies]
asn1crypto = ">=1.5.1"

[[package]]
name = "signal-processing-algorithms"
version = "1.3.5"
description = "Signal Processing Algorithms from MongoDB"
category = "main"
optional = false
python-versions = ">=3.7,<4.0"

[package.dependencies]
more-itertools = ">=8.2.0,<9.0.0"
numpy = ">=1.18.1,<2.0.0"
scipy = ">=1.3,<2.0"
structlog = ">=19.1,<20.0"
typing-extensions = ">=3.7.4,<4.0.0"

[[package]]
name = "six"
version = "1.17.0"
description = "Python 2 and 3 compatibility utilities"
category = "main"
optional = false
python-versions = "!=3.0.*,!=3.1.*,!=3.2.*,>=2.7"

[[package]]
name = "slack-sdk"
version = "3.34.0"
description = "The Slack API Platform SDK for Python"
category = "main"
optional = false
python-versions = ">=3.6"

[package.extras]
optional = ["aiodns (>1.0)", "aiohttp (>=3.7.3,<4)", "boto3 (<=2)", "SQLAlchemy (>=1.4,<3)", "websockets (>=9.1,<15)", "websocket-client (>=1,<2)"]

[[package]]
name = "structlog"
version = "19.2.0"
description = "Structured Logging for Python"
category = "main"
optional = false
python-versions = "*"

[package.dependencies]
six = "*"

[package.extras]
azure-pipelines = ["coverage", "freezegun (>=0.2.8)", "pretend", "pytest (>=3.3.0)", "simplejson", "pytest-azurepipelines", "python-rapidjson"]
dev = ["coverage", "freezegun (>=0.2.8)", "pretend", "pytest (>=3.3.0)", "simplejson", "sphinx", "twisted", "pre-commit", "python-rapidjson"]
docs = ["sphinx", "twisted"]
tests = ["coverage", "freezegun (>=0.2.8)", "pretend", "pytest (>=3.3.0)", "simplejson", "python-rapidjson"]

[[package]]
name = "tabulate"
version = "0.8.10"
description = "Pretty-print tabular data"
category = "main"
optional = false
python-versions = ">=2.7, !=3.0.*, !=3.1.*, !=3.2.*, !=3.3.*, !=3.4.*"

[package.extras]
widechars = ["wcwidth"]

[[package]]
name = "toml"
version = "0.10.2"
description = "Python Library for Tom's Obvious, Minimal Language"
category = "dev"
optional = false
python-versions = ">=2.6, !=3.0.*, !=3.1.*, !=3.2.*"

[[package]]
name = "tomli"
version = "2.2.1"
description = "A lil' TOML parser"
category = "dev"
optional = false
python-versions = ">=3.8"

[[package]]
name = "tox"
version = "3.28.0"
description = "tox is a generic virtualenv management and test command line tool"
category = "dev"
optional = false
python-versions = "!=3.0.*,!=3.1.*,!=3.2.*,!=3.3.*,!=3.4.*,>=2.7"

[package.dependencies]
colorama = {version = ">=0.4.1", markers = "platform_system == \"Windows\""}
filelock = ">=3.0.0"
packaging = ">=14"
pluggy = ">=0.12.0"
py = ">=1.4.17"
six = ">=1.14.0"
tomli = {version = ">=2.0.1", markers = "python_version >= \"3.7\" and python_version < \"3.11\""}
virtualenv = ">=16.0.0,<20.0.0 || >20.0.0,<20.0.1 || >20.0.1,<20.0.2 || >20.0.2,<20.0.3 || >20.0.3,<20.0.4 || >20.0.4,<20.0.5 || >20.0.5,<20.0.6 || >20.0.6,<20.0.7 || >20.0.7"

[package.extras]
docs = ["pygments-github-lexers (>=0.0.5)", "sphinx (>=2.0.0)", "sphinxcontrib-autoprogram (>=0.1.5)", "towncrier (>=18.5.0)"]
testing = ["flaky (>=3.4.0)", "freezegun (>=0.3.11)", "pytest (>=4.0.0)", "pytest-cov (>=2.5.1)", "pytest-mock (>=1.10.0)", "pytest-randomly (>=1.0.0)", "psutil (>=5.6.1)", "pathlib2 (>=2.3.3)"]

[[package]]
name = "typing-extensions"
version = "3.10.0.2"
description = "Backported and Experimental Type Hints for Python 3.5+"
category = "main"
optional = false
python-versions = "*"

[[package]]
name = "tzdata"
version = "2024.2"
description = "Provider of IANA time zone data"
category = "main"
optional = false
python-versions = ">=2"

[[package]]
name = "tzlocal"
version = "5.2"
description = "tzinfo object for the local timezone"
category = "main"
optional = false
python-versions = ">=3.8"

[package.dependencies]
"backports.zoneinfo" = {version = "*", markers = "python_version < \"3.9\""}
tzdata = {version = "*", markers = "platform_system == \"Windows\""}

[package.extras]
devenv = ["pytest (>=4.3)", "pytest-mock (>=3.3)", "pytest-cov", "check-manifest", "zest.releaser"]

[[package]]
name = "urllib3"
version = "2.2.3"
description = "HTTP library with thread-safe connection pooling, file post, and more."
category = "main"
optional = false
python-versions = ">=3.8"

[package.extras]
brotli = ["brotli (>=1.0.9)", "brotlicffi (>=0.8.0)"]
h2 = ["h2 (>=4,<5)"]
socks = ["pysocks (>=1.5.6,!=1.5.7,<2.0)"]
zstd = ["zstandard (>=0.18.0)"]

[[package]]
name = "validators"
version = "0.18.2"
description = "Python Data Validation for Humans™."
category = "main"
optional = false
python-versions = ">=3.4"

[package.dependencies]
decorator = ">=3.4.0"
six = ">=1.4.0"

[package.extras]
test = ["pytest (>=2.2.3)", "flake8 (>=2.4.0)", "isort (>=4.2.2)"]

[[package]]
name = "virtualenv"
version = "20.28.1"
description = "Virtual Python Environment builder"
category = "dev"
optional = false
python-versions = ">=3.8"

[package.dependencies]
distlib = ">=0.3.7,<1"
filelock = ">=3.12.2,<4"
platformdirs = ">=3.9.1,<5"

[package.extras]
docs = ["furo (>=2023.7.26)", "proselint (>=0.13)", "sphinx (>=7.1.2,!=7.3)", "sphinx-argparse (>=0.4)", "sphinxcontrib-towncrier (>=0.2.1a0)", "towncrier (>=23.6)"]
test = ["covdefaults (>=2.3)", "coverage-enable-subprocess (>=1)", "coverage (>=7.2.7)", "flaky (>=3.7)", "packaging (>=23.1)", "pytest-env (>=0.8.2)", "pytest-freezer (>=0.4.8)", "pytest-mock (>=3.11.1)", "pytest-randomly (>=3.12)", "pytest-timeout (>=2.1)", "pytest (>=7.4)", "setuptools (>=68)", "time-machine (>=2.10)"]

[[package]]
name = "zipp"
version = "3.20.2"
description = "Backport of pathlib-compatible object wrapper for zip files"
category = "main"
optional = false
python-versions = ">=3.8"

[package.extras]
check = ["pytest-checkdocs (>=2.4)", "pytest-ruff (>=0.2.1)"]
cover = ["pytest-cov"]
doc = ["sphinx (>=3.5)", "jaraco.packaging (>=9.3)", "rst.linker (>=1.9)", "furo", "sphinx-lint", "jaraco.tidelift (>=1.4)"]
enabler = ["pytest-enabler (>=2.2)"]
test = ["pytest (>=6,<8.1.0 || >=8.2.0)", "jaraco.itertools", "jaraco.functools", "more-itertools", "big-o", "pytest-ignore-flaky", "jaraco.test", "importlib-resources"]
type = ["pytest-mypy"]

[metadata]
lock-version = "1.1"
python-versions = ">=3.8,<3.13"
content-hash = "ebf55f19bcb901f1b099d17b37fed9b20e7367d8354704cf01c89d616c0c0e9e"

[metadata.files]
asn1crypto = []
atomicwrites = []
attrs = []
autoflake = []
"backports.zoneinfo" = []
cachetools = []
certifi = []
charset-normalizer = []
colorama = []
dateparser = []
decorator = []
distlib = []
expandvars = []
filelock = []
flake8 = []
google-api-core = []
google-auth = []
google-cloud-bigquery = []
google-cloud-core = []
google-crc32c = []
google-resumable-media = []
googleapis-common-protos = []
grpcio = []
grpcio-status = []
idna = []
importlib-metadata = []
iniconfig = []
isort = []
mccabe = []
more-itertools = []
numpy = []
packaging = []
pg8000 = []
platformdirs = []
pluggy = []
proto-plus = []
protobuf = []
py = []
py-cpuinfo = []
pyasn1 = []
pyasn1-modules = []
pycodestyle = []
pyflakes = []
pystache = []
pytest = []
pytest-benchmark = []
python-dateutil = []
pytz = []
regex = []
requests = []
rsa = []
"ruamel.yaml" = []
"ruamel.yaml.clib" = []
ruff = []
scipy = []
scramp = []
signal-processing-algorithms = []
six = []
slack-sdk = []
structlog = []
tabulate = []
toml = []
tomli = []
tox = []
typing-extensions = []
tzdata = []
tzlocal = []
urllib3 = []
validators = []
virtualenv = []
zipp = []
